<?xml version="1.0" encoding="utf-8"?>
<Project ToolsVersion="4.0" xmlns="http://schemas.microsoft.com/developer/msbuild/2003">
  <ItemGroup>
    <Filter Include="リソース ファイル">
      <UniqueIdentifier>{67DA6AB6-F800-4c08-8B7A-83BB121AAD01}</UniqueIdentifier>
      <Extensions>rc;ico;cur;bmp;dlg;rc2;rct;bin;rgs;gif;jpg;jpeg;jpe;resx;tiff;tif;png;wav;mfcribbon-ms</Extensions>
    </Filter>
    <Filter Include="imgui">
      <UniqueIdentifier>{a3462a09-49de-4400-9055-57f3853699f0}</UniqueIdentifier>
    </Filter>
    <Filter Include="リソース ファイル\Shader">
      <UniqueIdentifier>{87e84403-6e3d-4fd3-9c7f-1a4c2cf3086d}</UniqueIdentifier>
    </Filter>
    <Filter Include="Engine">
      <UniqueIdentifier>{8cee71ed-efcc-46ad-bbe3-36674ccf7fe8}</UniqueIdentifier>
    </Filter>
    <Filter Include="Engine\TextureManager">
      <UniqueIdentifier>{a9516b81-c6df-4821-a750-c42ba7a00c08}</UniqueIdentifier>
    </Filter>
    <Filter Include="Engine\Input">
      <UniqueIdentifier>{03deaf92-55e5-476b-b8f8-715dbc506c8a}</UniqueIdentifier>
    </Filter>
    <Filter Include="Engine\ObjColor">
      <UniqueIdentifier>{87bb6b2a-c0da-4b2f-99d5-5e7f3fc46f89}</UniqueIdentifier>
    </Filter>
    <Filter Include="Engine\Scene">
      <UniqueIdentifier>{861b4ce9-b8ea-48ca-a611-4b7b154eda4e}</UniqueIdentifier>
    </Filter>
    <Filter Include="Engine\Camera">
      <UniqueIdentifier>{387019c8-0f5f-4205-beac-874f1e3a9636}</UniqueIdentifier>
    </Filter>
    <Filter Include="Engine\ObjectModel">
      <UniqueIdentifier>{61792db0-30a9-4e0e-8f05-63e884045f02}</UniqueIdentifier>
    </Filter>
    <Filter Include="Engine\ObjectModel\Model">
      <UniqueIdentifier>{b3146db3-dba3-4b92-ad73-c662ff6ab4b8}</UniqueIdentifier>
    </Filter>
    <Filter Include="Engine\ObjectModel\Mesh">
      <UniqueIdentifier>{cb4bb950-0b7c-4c2c-9d9a-7ab1ed80b11d}</UniqueIdentifier>
    </Filter>
    <Filter Include="Engine\ObjectModel\Material">
      <UniqueIdentifier>{836e31bd-a9b7-4bc9-98fa-26ae1c77d195}</UniqueIdentifier>
    </Filter>
    <Filter Include="Engine\ObjectModel\WorldTransform">
      <UniqueIdentifier>{90a305af-2c79-467a-9612-76ced9faa54e}</UniqueIdentifier>
    </Filter>
    <Filter Include="Engine\ObjectModel\Light">
      <UniqueIdentifier>{66a8d7e9-907b-4d70-89d3-a5edb3c2db52}</UniqueIdentifier>
    </Filter>
    <Filter Include="Engine\ObjectModel\Light\Directional">
      <UniqueIdentifier>{a283ec18-d780-4aaa-b284-d0a3d96bf998}</UniqueIdentifier>
    </Filter>
    <Filter Include="Engine\ObjectModel\Light\Point">
      <UniqueIdentifier>{054a57e7-bf27-4743-9bea-e3af9b482841}</UniqueIdentifier>
    </Filter>
    <Filter Include="Engine\ObjectModel\Light\Spot">
      <UniqueIdentifier>{f70f8d27-c1d5-4efc-9ecc-50bd90eae805}</UniqueIdentifier>
    </Filter>
    <Filter Include="Engine\ObjectSprite">
      <UniqueIdentifier>{0ee7395e-c5ca-4ff2-9d43-72062217fa77}</UniqueIdentifier>
    </Filter>
    <Filter Include="Engine\ObjectSprite\Sprite">
      <UniqueIdentifier>{70f4c928-51d6-458d-ae19-cbd21f81d8fc}</UniqueIdentifier>
    </Filter>
    <Filter Include="Engine\LineDrawer">
      <UniqueIdentifier>{8b221288-47a4-4151-8dd6-7e6ee0778a16}</UniqueIdentifier>
    </Filter>
    <Filter Include="Engine\other">
      <UniqueIdentifier>{7865f68d-f359-4b42-83fa-55412b1a5b71}</UniqueIdentifier>
    </Filter>
    <Filter Include="Engine\Audio">
      <UniqueIdentifier>{c0ff2a2b-ba39-4852-9f97-2ba3c390dcf8}</UniqueIdentifier>
    </Filter>
    <Filter Include="Engine\DXWin">
      <UniqueIdentifier>{3792386f-f7c4-4f22-86ef-56d363be9f18}</UniqueIdentifier>
    </Filter>
    <Filter Include="Engine\Lib">
      <UniqueIdentifier>{bb130762-2970-4019-a3d8-157336b101b4}</UniqueIdentifier>
    </Filter>
    <Filter Include="Engine\Lib\Vector">
      <UniqueIdentifier>{587bb673-4ebc-46a6-98f1-5ae7b577ff8e}</UniqueIdentifier>
    </Filter>
    <Filter Include="Engine\Lib\Matrix">
      <UniqueIdentifier>{c317957c-f889-4f4a-9b4c-6b597f6d3a57}</UniqueIdentifier>
    </Filter>
    <Filter Include="Application">
      <UniqueIdentifier>{504ffb4f-255f-44e3-a43b-1d3208ba5694}</UniqueIdentifier>
    </Filter>
  </ItemGroup>
  <ItemGroup>
    <ClCompile Include="externals\imgui\imgui.cpp">
      <Filter>imgui</Filter>
    </ClCompile>
    <ClCompile Include="externals\imgui\imgui_demo.cpp">
      <Filter>imgui</Filter>
    </ClCompile>
    <ClCompile Include="externals\imgui\imgui_draw.cpp">
      <Filter>imgui</Filter>
    </ClCompile>
    <ClCompile Include="externals\imgui\imgui_impl_dx12.cpp">
      <Filter>imgui</Filter>
    </ClCompile>
    <ClCompile Include="externals\imgui\imgui_impl_win32.cpp">
      <Filter>imgui</Filter>
    </ClCompile>
    <ClCompile Include="externals\imgui\imgui_tables.cpp">
      <Filter>imgui</Filter>
    </ClCompile>
    <ClCompile Include="externals\imgui\imgui_widgets.cpp">
      <Filter>imgui</Filter>
    </ClCompile>
    <ClCompile Include="Engine\DXWin\D3DResourceLeakChecker.cpp">
      <Filter>Engine\DXWin</Filter>
    </ClCompile>
    <ClCompile Include="Engine\DXWin\DXCommon.cpp">
      <Filter>Engine\DXWin</Filter>
    </ClCompile>
    <ClCompile Include="Engine\DXWin\WinApp.cpp">
      <Filter>Engine\DXWin</Filter>
    </ClCompile>
    <ClCompile Include="Engine\LineDrawer.cpp">
      <Filter>Engine\LineDrawer</Filter>
    </ClCompile>
    <ClCompile Include="myLib\Vector2.cpp">
      <Filter>Engine\Lib\Vector</Filter>
    </ClCompile>
    <ClCompile Include="myLib\Vector3.cpp">
      <Filter>Engine\Lib\Vector</Filter>
    </ClCompile>
    <ClCompile Include="myLib\VectorFunction.cpp">
      <Filter>Engine\Lib\Vector</Filter>
    </ClCompile>
    <ClCompile Include="myLib\MatrixFunction.cpp">
      <Filter>Engine\Lib\Matrix</Filter>
    </ClCompile>
    <ClCompile Include="myLib\MyLib.cpp">
      <Filter>Engine\Lib</Filter>
    </ClCompile>
    <ClCompile Include="Engine\Input\Input.cpp">
      <Filter>Engine\Input</Filter>
    </ClCompile>
    <ClCompile Include="Engine\Camera.cpp">
      <Filter>Engine\Camera</Filter>
    </ClCompile>
    <ClCompile Include="Engine\ObjectColor.cpp">
      <Filter>Engine\ObjColor</Filter>
    </ClCompile>
    <ClCompile Include="Engine\Lights\DirectionalLight.cpp">
      <Filter>Engine\ObjectModel\Light\Directional</Filter>
    </ClCompile>
    <ClCompile Include="Engine\Lights\PointLight.cpp">
      <Filter>Engine\ObjectModel\Light\Point</Filter>
    </ClCompile>
    <ClCompile Include="Engine\Lights\SpotLight.cpp">
      <Filter>Engine\ObjectModel\Light\Spot</Filter>
    </ClCompile>
    <ClCompile Include="Engine\Lights\LightGroup.cpp">
      <Filter>Engine\ObjectModel\Light</Filter>
    </ClCompile>
    <ClCompile Include="Engine\Material\Material.cpp">
      <Filter>Engine\ObjectModel\Material</Filter>
    </ClCompile>
    <ClCompile Include="Engine\Mesh\Mesh.cpp">
      <Filter>Engine\ObjectModel\Mesh</Filter>
    </ClCompile>
    <ClCompile Include="Engine\Model\Model.cpp">
      <Filter>Engine\ObjectModel\Model</Filter>
    </ClCompile>
    <ClCompile Include="Engine\Model\ModelManager.cpp">
      <Filter>Engine\ObjectModel\Model</Filter>
    </ClCompile>
    <ClCompile Include="Engine\WorldTransform.cpp">
      <Filter>Engine\ObjectModel\WorldTransform</Filter>
    </ClCompile>
    <ClCompile Include="Engine\Sprite.cpp">
      <Filter>Engine\ObjectSprite\Sprite</Filter>
    </ClCompile>
    <ClCompile Include="Engine\SpriteManager.cpp">
      <Filter>Engine\ObjectSprite\Sprite</Filter>
    </ClCompile>
    <ClCompile Include="Engine\Scene\GameScene.cpp">
      <Filter>Engine\Scene</Filter>
    </ClCompile>
    <ClCompile Include="Engine\Scene\SceneManager.cpp">
      <Filter>Engine\Scene</Filter>
    </ClCompile>
    <ClCompile Include="Engine\TextureManager.cpp">
      <Filter>Engine\TextureManager</Filter>
    </ClCompile>
    <ClCompile Include="Engine\Audio\Audio.cpp">
      <Filter>Engine\Audio</Filter>
    </ClCompile>
    <ClCompile Include="Engine\Collider.cpp">
      <Filter>Engine\other</Filter>
    </ClCompile>
    <ClCompile Include="Engine\CollisionManager.cpp">
      <Filter>Engine\other</Filter>
    </ClCompile>
    <ClCompile Include="Engine\Debug.cpp">
      <Filter>Engine\other</Filter>
    </ClCompile>
    <ClCompile Include="Engine\JsonLoader.cpp">
      <Filter>Engine\other</Filter>
    </ClCompile>
    <ClCompile Include="Engine\Particle.cpp">
      <Filter>Engine\other</Filter>
    </ClCompile>
    <ClCompile Include="Engine\ParticleManager.cpp">
      <Filter>Engine\other</Filter>
    </ClCompile>
    <ClCompile Include="Engine\PSOManager.cpp">
      <Filter>Engine\other</Filter>
    </ClCompile>
    <ClCompile Include="main.cpp" />
    <ClCompile Include="Application\Player.cpp" />
    <ClCompile Include="Application\FollowCamera.cpp" />
    <ClCompile Include="Application\Weapon.cpp" />
    <ClCompile Include="Application\Enemy\Enemy.cpp" />
    <ClCompile Include="Application\Enemy\EnemyBullet.cpp" />
  </ItemGroup>
  <ItemGroup>
    <ClInclude Include="externals\imgui\imconfig.h">
      <Filter>imgui</Filter>
    </ClInclude>
    <ClInclude Include="externals\imgui\imgui.h">
      <Filter>imgui</Filter>
    </ClInclude>
    <ClInclude Include="externals\imgui\imgui_impl_dx12.h">
      <Filter>imgui</Filter>
    </ClInclude>
    <ClInclude Include="externals\imgui\imgui_impl_win32.h">
      <Filter>imgui</Filter>
    </ClInclude>
    <ClInclude Include="externals\imgui\imgui_internal.h">
      <Filter>imgui</Filter>
    </ClInclude>
    <ClInclude Include="externals\imgui\imstb_rectpack.h">
      <Filter>imgui</Filter>
    </ClInclude>
    <ClInclude Include="externals\imgui\imstb_textedit.h">
      <Filter>imgui</Filter>
    </ClInclude>
    <ClInclude Include="externals\imgui\imstb_truetype.h">
      <Filter>imgui</Filter>
    </ClInclude>
    <ClInclude Include="Engine\DXWin\D3DResourceLeakChecker.h">
      <Filter>Engine\DXWin</Filter>
    </ClInclude>
    <ClInclude Include="Engine\DXWin\DXCommon.h">
      <Filter>Engine\DXWin</Filter>
    </ClInclude>
    <ClInclude Include="Engine\DXWin\WinApp.h">
      <Filter>Engine\DXWin</Filter>
    </ClInclude>
    <ClInclude Include="Engine\LineDrawer.h">
      <Filter>Engine\LineDrawer</Filter>
    </ClInclude>
    <ClInclude Include="myLib\Vector2.h">
      <Filter>Engine\Lib\Vector</Filter>
    </ClInclude>
    <ClInclude Include="myLib\Vector3.h">
      <Filter>Engine\Lib\Vector</Filter>
    </ClInclude>
    <ClInclude Include="myLib\Vector4.h">
      <Filter>Engine\Lib\Vector</Filter>
    </ClInclude>
    <ClInclude Include="myLib\VectorFunction.h">
      <Filter>Engine\Lib\Vector</Filter>
    </ClInclude>
    <ClInclude Include="myLib\Matrix3x3.h">
      <Filter>Engine\Lib\Matrix</Filter>
    </ClInclude>
    <ClInclude Include="myLib\Matrix4x4.h">
      <Filter>Engine\Lib\Matrix</Filter>
    </ClInclude>
    <ClInclude Include="myLib\MatrixFunction.h">
      <Filter>Engine\Lib\Matrix</Filter>
    </ClInclude>
    <ClInclude Include="myLib\MyLib.h">
      <Filter>Engine\Lib</Filter>
    </ClInclude>
    <ClInclude Include="Engine\Input\Input.h">
      <Filter>Engine\Input</Filter>
    </ClInclude>
    <ClInclude Include="Engine\Camera.h">
      <Filter>Engine\Camera</Filter>
    </ClInclude>
    <ClInclude Include="Engine\ObjectColor.h">
      <Filter>Engine\ObjColor</Filter>
    </ClInclude>
    <ClInclude Include="Engine\Lights\DirectionalLight.h">
      <Filter>Engine\ObjectModel\Light\Directional</Filter>
    </ClInclude>
    <ClInclude Include="Engine\Lights\PointLight.h">
      <Filter>Engine\ObjectModel\Light\Point</Filter>
    </ClInclude>
    <ClInclude Include="Engine\Lights\SpotLight.h">
      <Filter>Engine\ObjectModel\Light\Spot</Filter>
    </ClInclude>
    <ClInclude Include="Engine\Lights\LightGroup.h">
      <Filter>Engine\ObjectModel\Light</Filter>
    </ClInclude>
    <ClInclude Include="Engine\Material\Material.h">
      <Filter>Engine\ObjectModel\Material</Filter>
    </ClInclude>
    <ClInclude Include="Engine\Mesh\Mesh.h">
      <Filter>Engine\ObjectModel\Mesh</Filter>
    </ClInclude>
    <ClInclude Include="Engine\Model\Model.h">
      <Filter>Engine\ObjectModel\Model</Filter>
    </ClInclude>
    <ClInclude Include="Engine\Model\ModelManager.h">
      <Filter>Engine\ObjectModel\Model</Filter>
    </ClInclude>
    <ClInclude Include="Engine\WorldTransform.h">
      <Filter>Engine\ObjectModel\WorldTransform</Filter>
    </ClInclude>
    <ClInclude Include="Engine\Sprite.h">
      <Filter>Engine\ObjectSprite\Sprite</Filter>
    </ClInclude>
    <ClInclude Include="Engine\SpriteManager.h">
      <Filter>Engine\ObjectSprite\Sprite</Filter>
    </ClInclude>
    <ClInclude Include="Engine\Scene\GameScene.h">
      <Filter>Engine\Scene</Filter>
    </ClInclude>
    <ClInclude Include="Engine\Scene\Scene.h">
      <Filter>Engine\Scene</Filter>
    </ClInclude>
    <ClInclude Include="Engine\Scene\SceneManager.h">
      <Filter>Engine\Scene</Filter>
    </ClInclude>
    <ClInclude Include="Engine\TextureManager.h">
      <Filter>Engine\TextureManager</Filter>
    </ClInclude>
    <ClInclude Include="Engine\Audio\Audio.h">
      <Filter>Engine\Audio</Filter>
    </ClInclude>
    <ClInclude Include="Engine\Collider.h">
      <Filter>Engine\other</Filter>
    </ClInclude>
    <ClInclude Include="Engine\CollisionManager.h">
      <Filter>Engine\other</Filter>
    </ClInclude>
    <ClInclude Include="Engine\Debug.h">
      <Filter>Engine\other</Filter>
    </ClInclude>
    <ClInclude Include="Engine\JsonLoader.h">
      <Filter>Engine\other</Filter>
    </ClInclude>
    <ClInclude Include="Engine\Particle.h">
      <Filter>Engine\other</Filter>
    </ClInclude>
    <ClInclude Include="Engine\ParticleManager.h">
      <Filter>Engine\other</Filter>
    </ClInclude>
    <ClInclude Include="Engine\PSOManager.h">
      <Filter>Engine\other</Filter>
    </ClInclude>
    <ClInclude Include="Application\Player.h" />
    <ClInclude Include="Application\FollowCamera.h" />
    <ClInclude Include="Application\Weapon.h" />
    <ClInclude Include="Application\Enemy\Enemy.h" />
    <ClInclude Include="Application\Enemy\EnemyBullet.h" />
  </ItemGroup>
  <ItemGroup>
    <Text Include="externals\imgui\LICENSE.txt">
      <Filter>imgui</Filter>
    </Text>
  </ItemGroup>
  <ItemGroup>
    <None Include="Resources\Shader\Object3d.hlsli">
      <Filter>リソース ファイル\Shader</Filter>
    </None>
    <None Include="Resources\Shader\Particle.hlsli">
      <Filter>リソース ファイル\Shader</Filter>
    </None>
    <None Include="Resources\Shader\Sprite.hlsli">
      <Filter>リソース ファイル\Shader</Filter>
    </None>
    <None Include="Resources\Shader\LineDrawer.hlsli">
      <Filter>リソース ファイル\Shader</Filter>
    </None>
  </ItemGroup>
  <ItemGroup>
    <FxCompile Include="Resources\Shader\Object3d.PS.hlsl">
      <Filter>リソース ファイル\Shader</Filter>
    </FxCompile>
    <FxCompile Include="Resources\Shader\Object3d.VS.hlsl">
      <Filter>リソース ファイル\Shader</Filter>
    </FxCompile>
    <FxCompile Include="Resources\Shader\Particle.PS.hlsl">
      <Filter>リソース ファイル\Shader</Filter>
    </FxCompile>
    <FxCompile Include="Resources\Shader\Particle.VS.hlsl">
      <Filter>リソース ファイル\Shader</Filter>
    </FxCompile>
    <FxCompile Include="Resources\Shader\Sprite.PS.hlsl">
      <Filter>リソース ファイル\Shader</Filter>
    </FxCompile>
    <FxCompile Include="Resources\Shader\Sprite.VS.hlsl">
      <Filter>リソース ファイル\Shader</Filter>
    </FxCompile>
    <FxCompile Include="Resources\Shader\LineDrawer.PS.hlsl">
      <Filter>リソース ファイル\Shader</Filter>
    </FxCompile>
    <FxCompile Include="Resources\Shader\LineDrawer.VS.hlsl">
      <Filter>リソース ファイル\Shader</Filter>
    </FxCompile>
  </ItemGroup>
</Project>