<?xml version="1.0" encoding="utf-8"?>
<Project ToolsVersion="4.0" xmlns="http://schemas.microsoft.com/developer/msbuild/2003">
  <ItemGroup>
    <Filter Include="ソース ファイル">
      <UniqueIdentifier>{4FC737F1-C7A5-4376-A066-2A32D752A2FF}</UniqueIdentifier>
      <Extensions>cpp;c;cc;cxx;c++;cppm;ixx;def;odl;idl;hpj;bat;asm;asmx</Extensions>
    </Filter>
    <Filter Include="ヘッダー ファイル">
      <UniqueIdentifier>{93995380-89BD-4b04-88EB-625FBE52EBFB}</UniqueIdentifier>
      <Extensions>h;hh;hpp;hxx;h++;hm;inl;inc;ipp;xsd</Extensions>
    </Filter>
    <Filter Include="リソース ファイル">
      <UniqueIdentifier>{67DA6AB6-F800-4c08-8B7A-83BB121AAD01}</UniqueIdentifier>
      <Extensions>rc;ico;cur;bmp;dlg;rc2;rct;bin;rgs;gif;jpg;jpeg;jpe;resx;tiff;tif;png;wav;mfcribbon-ms</Extensions>
    </Filter>
    <Filter Include="リソース ファイル\Shader">
      <UniqueIdentifier>{87e84403-6e3d-4fd3-9c7f-1a4c2cf3086d}</UniqueIdentifier>
    </Filter>
    <Filter Include="Engine">
      <UniqueIdentifier>{8cee71ed-efcc-46ad-bbe3-36674ccf7fe8}</UniqueIdentifier>
    </Filter>
    <Filter Include="Engine\TextureManager">
      <UniqueIdentifier>{a9516b81-c6df-4821-a750-c42ba7a00c08}</UniqueIdentifier>
    </Filter>
    <Filter Include="Engine\Lib">
      <UniqueIdentifier>{bb130762-2970-4019-a3d8-157336b101b4}</UniqueIdentifier>
    </Filter>
    <Filter Include="Engine\Lib\Vector">
      <UniqueIdentifier>{587bb673-4ebc-46a6-98f1-5ae7b577ff8e}</UniqueIdentifier>
    </Filter>
    <Filter Include="Engine\Lib\Matrix">
      <UniqueIdentifier>{c317957c-f889-4f4a-9b4c-6b597f6d3a57}</UniqueIdentifier>
    </Filter>
    <Filter Include="Engine\Input">
      <UniqueIdentifier>{03deaf92-55e5-476b-b8f8-715dbc506c8a}</UniqueIdentifier>
    </Filter>
    <Filter Include="Engine\Scene">
      <UniqueIdentifier>{861b4ce9-b8ea-48ca-a611-4b7b154eda4e}</UniqueIdentifier>
    </Filter>
    <Filter Include="Engine\Camera">
      <UniqueIdentifier>{387019c8-0f5f-4205-beac-874f1e3a9636}</UniqueIdentifier>
    </Filter>
    <Filter Include="Engine\LineDrawer">
      <UniqueIdentifier>{8b221288-47a4-4151-8dd6-7e6ee0778a16}</UniqueIdentifier>
    </Filter>
    <Filter Include="Engine\Particle">
      <UniqueIdentifier>{493eae1e-eb40-41f4-91d9-658d6d63188b}</UniqueIdentifier>
    </Filter>
    <Filter Include="Engine\DXWin">
      <UniqueIdentifier>{223c34ef-cbeb-4c78-a280-fe102f9376f6}</UniqueIdentifier>
    </Filter>
    <Filter Include="Engine\DXWin\WinApp">
      <UniqueIdentifier>{1ad76de3-20e9-478b-9d6c-f382b6536151}</UniqueIdentifier>
    </Filter>
    <Filter Include="Engine\Object">
      <UniqueIdentifier>{8d98f6d6-1d0b-4bd9-8434-f9aad6ef74c5}</UniqueIdentifier>
    </Filter>
    <Filter Include="Engine\Object\ObjColor">
      <UniqueIdentifier>{87bb6b2a-c0da-4b2f-99d5-5e7f3fc46f89}</UniqueIdentifier>
    </Filter>
    <Filter Include="Engine\Object\ObjectModel">
      <UniqueIdentifier>{61792db0-30a9-4e0e-8f05-63e884045f02}</UniqueIdentifier>
    </Filter>
    <Filter Include="Engine\Object\ObjectModel\Model">
      <UniqueIdentifier>{b3146db3-dba3-4b92-ad73-c662ff6ab4b8}</UniqueIdentifier>
    </Filter>
    <Filter Include="Engine\Object\ObjectModel\Mesh">
      <UniqueIdentifier>{cb4bb950-0b7c-4c2c-9d9a-7ab1ed80b11d}</UniqueIdentifier>
    </Filter>
    <Filter Include="Engine\Object\ObjectModel\Material">
      <UniqueIdentifier>{836e31bd-a9b7-4bc9-98fa-26ae1c77d195}</UniqueIdentifier>
    </Filter>
    <Filter Include="Engine\Object\ObjectModel\WorldTransform">
      <UniqueIdentifier>{90a305af-2c79-467a-9612-76ced9faa54e}</UniqueIdentifier>
    </Filter>
    <Filter Include="Engine\Object\ObjectModel\Light">
      <UniqueIdentifier>{66a8d7e9-907b-4d70-89d3-a5edb3c2db52}</UniqueIdentifier>
    </Filter>
    <Filter Include="Engine\Object\ObjectModel\Light\Directional">
      <UniqueIdentifier>{a283ec18-d780-4aaa-b284-d0a3d96bf998}</UniqueIdentifier>
    </Filter>
    <Filter Include="Engine\Object\ObjectModel\Light\Point">
      <UniqueIdentifier>{054a57e7-bf27-4743-9bea-e3af9b482841}</UniqueIdentifier>
    </Filter>
    <Filter Include="Engine\Object\ObjectModel\Light\Spot">
      <UniqueIdentifier>{f70f8d27-c1d5-4efc-9ecc-50bd90eae805}</UniqueIdentifier>
    </Filter>
    <Filter Include="Engine\Object\ObjectSprite">
      <UniqueIdentifier>{0ee7395e-c5ca-4ff2-9d43-72062217fa77}</UniqueIdentifier>
    </Filter>
    <Filter Include="Engine\Object\ObjectSprite\Sprite">
      <UniqueIdentifier>{70f4c928-51d6-458d-ae19-cbd21f81d8fc}</UniqueIdentifier>
    </Filter>
    <Filter Include="Engine\DXWin\DXCommon">
      <UniqueIdentifier>{167e44e9-00fc-4aeb-9c28-e3dc3e250f0b}</UniqueIdentifier>
    </Filter>
    <Filter Include="Engine\Utility">
      <UniqueIdentifier>{df3d2398-268d-4864-83b6-01fce5e71c8c}</UniqueIdentifier>
    </Filter>
    <Filter Include="Engine\Render">
      <UniqueIdentifier>{58c8c342-f8f0-4aa4-8975-f5f3e3b7d669}</UniqueIdentifier>
    </Filter>
    <Filter Include="Engine\Audio">
      <UniqueIdentifier>{a25d954f-04f4-4ce2-8105-18ddead0af28}</UniqueIdentifier>
    </Filter>
    <Filter Include="Engine\Other">
      <UniqueIdentifier>{15fa33b4-1187-4640-b874-a5deaf870c03}</UniqueIdentifier>
    </Filter>
    <Filter Include="Engine\Lib\Quaternion">
      <UniqueIdentifier>{71a7ed14-fddc-4724-b283-6d8af86940a0}</UniqueIdentifier>
    </Filter>
    <Filter Include="Engine\Object\ObjectModel\Animation">
      <UniqueIdentifier>{996f9480-b422-4957-963b-ad52239bf37b}</UniqueIdentifier>
    </Filter>
    <Filter Include="Engine\Object\ObjectModel\Node">
      <UniqueIdentifier>{4dee600a-c111-423b-90f3-ea9becd182bd}</UniqueIdentifier>
    </Filter>
    <Filter Include="Engine\Object\ObjectModel\Skeleton">
      <UniqueIdentifier>{215ed1e1-74ee-4651-8ab8-b290b5b256bd}</UniqueIdentifier>
    </Filter>
    <Filter Include="Engine\Object\ObjectModel\Joint">
      <UniqueIdentifier>{2c4f1f9b-d394-4c45-be6b-3518dd576fee}</UniqueIdentifier>
    </Filter>
  </ItemGroup>
  <ItemGroup>
    <ClCompile Include="main.cpp">
      <Filter>ソース ファイル</Filter>
    </ClCompile>
    <ClCompile Include="Engine\Audio\Audio.cpp">
      <Filter>Engine\Audio</Filter>
    </ClCompile>
    <ClCompile Include="Engine\Camera\Camera.cpp">
      <Filter>Engine\Camera</Filter>
    </ClCompile>
    <ClCompile Include="Engine\DXWin\WinApp.cpp">
      <Filter>Engine\DXWin\WinApp</Filter>
    </ClCompile>
    <ClCompile Include="Engine\DXWin\D3DResourceLeakChecker.cpp">
      <Filter>Engine\DXWin\DXCommon</Filter>
    </ClCompile>
    <ClCompile Include="Engine\DXWin\DXCommon.cpp">
      <Filter>Engine\DXWin\DXCommon</Filter>
    </ClCompile>
    <ClCompile Include="Engine\Input\Input.cpp">
      <Filter>Engine\Input</Filter>
    </ClCompile>
    <ClCompile Include="Engine\Lib\MatrixFunction.cpp">
      <Filter>Engine\Lib\Matrix</Filter>
    </ClCompile>
    <ClCompile Include="Engine\Lib\Vector2.cpp">
      <Filter>Engine\Lib\Vector</Filter>
    </ClCompile>
    <ClCompile Include="Engine\Lib\Vector3.cpp">
      <Filter>Engine\Lib\Vector</Filter>
    </ClCompile>
    <ClCompile Include="Engine\Lib\VectorFunction.cpp">
      <Filter>Engine\Lib\Vector</Filter>
    </ClCompile>
    <ClCompile Include="Engine\Lights\SpotLight.cpp">
      <Filter>Engine\Object\ObjectModel\Light\Spot</Filter>
    </ClCompile>
    <ClCompile Include="Engine\Lights\PointLight.cpp">
      <Filter>Engine\Object\ObjectModel\Light\Point</Filter>
    </ClCompile>
    <ClCompile Include="Engine\Lights\DirectionalLight.cpp">
      <Filter>Engine\Object\ObjectModel\Light\Directional</Filter>
    </ClCompile>
    <ClCompile Include="Engine\Lights\LightGroup.cpp">
      <Filter>Engine\Object\ObjectModel\Light</Filter>
    </ClCompile>
    <ClCompile Include="Engine\Utility\LineDrawer.cpp">
      <Filter>Engine\LineDrawer</Filter>
    </ClCompile>
    <ClCompile Include="Engine\Utility\Debug.cpp">
      <Filter>Engine\Utility</Filter>
    </ClCompile>
    <ClCompile Include="Engine\Utility\ImGuiManager.cpp">
      <Filter>Engine\Utility</Filter>
    </ClCompile>
    <ClCompile Include="Engine\Utility\JsonLoader.cpp">
      <Filter>Engine\Utility</Filter>
    </ClCompile>
    <ClCompile Include="Engine\Utility\RandomGenerator.cpp">
      <Filter>Engine\Utility</Filter>
    </ClCompile>
    <ClCompile Include="Engine\Model\Material.cpp">
      <Filter>Engine\Object\ObjectModel\Material</Filter>
    </ClCompile>
    <ClCompile Include="Engine\Model\Mesh.cpp">
      <Filter>Engine\Object\ObjectModel\Mesh</Filter>
    </ClCompile>
    <ClCompile Include="Engine\Model\Model.cpp">
      <Filter>Engine\Object\ObjectModel\Model</Filter>
    </ClCompile>
    <ClCompile Include="Engine\Model\WorldTransform.cpp">
      <Filter>Engine\Object\ObjectModel\WorldTransform</Filter>
    </ClCompile>
    <ClCompile Include="Engine\Model\ModelManager.cpp">
      <Filter>Engine\Object\ObjectModel</Filter>
    </ClCompile>
    <ClCompile Include="Engine\ObjectColor\ObjectColor.cpp">
      <Filter>Engine\Object\ObjColor</Filter>
    </ClCompile>
    <ClCompile Include="Engine\Sprite\Sprite.cpp">
      <Filter>Engine\Object\ObjectSprite\Sprite</Filter>
    </ClCompile>
    <ClCompile Include="Engine\Sprite\SpriteManager.cpp">
      <Filter>Engine\Object\ObjectSprite</Filter>
    </ClCompile>
    <ClCompile Include="Engine\TextureManager\TextureManager.cpp">
      <Filter>Engine\TextureManager</Filter>
    </ClCompile>
    <ClCompile Include="Engine\Particle\Particle.cpp">
      <Filter>Engine\Particle</Filter>
    </ClCompile>
    <ClCompile Include="Engine\Particle\ParticleEmitters.cpp">
      <Filter>Engine\Particle</Filter>
    </ClCompile>
    <ClCompile Include="Engine\Particle\ParticleManager.cpp">
      <Filter>Engine\Particle</Filter>
    </ClCompile>
    <ClCompile Include="Engine\Render\PSOManager.cpp">
      <Filter>Engine\Render</Filter>
    </ClCompile>
    <ClCompile Include="Engine\Render\SRVManager.cpp">
      <Filter>Engine\Render</Filter>
    </ClCompile>
    <ClCompile Include="Engine\Scene\GameScene.cpp">
      <Filter>Engine\Scene</Filter>
    </ClCompile>
    <ClCompile Include="Engine\Scene\SceneManager.cpp">
      <Filter>Engine\Scene</Filter>
    </ClCompile>
    <ClCompile Include="Engine\Other\CollisionManager.cpp">
      <Filter>Engine\Other</Filter>
    </ClCompile>
    <ClCompile Include="Engine\Other\CatmulRomSpline.cpp">
      <Filter>Engine\Other</Filter>
    </ClCompile>
    <ClCompile Include="Engine\Other\Collider.cpp">
      <Filter>Engine\Other</Filter>
    </ClCompile>
    <ClCompile Include="Engine\Utility\ConfigManager.cpp">
      <Filter>Engine\Utility</Filter>
    </ClCompile>
    <ClCompile Include="Engine\Lib\Matrix4x4.cpp">
      <Filter>Engine\Lib\Matrix</Filter>
    </ClCompile>
    <ClCompile Include="Engine\Lib\MyLib.cpp">
      <Filter>Engine\Lib</Filter>
    </ClCompile>
    <ClCompile Include="Engine\Lib\Quaternion.cpp">
      <Filter>Engine\Lib\Quaternion</Filter>
    </ClCompile>
    <ClCompile Include="Engine\Model\ModelAnimation.cpp">
      <Filter>Engine\Object\ObjectModel\Animation</Filter>
    </ClCompile>
    <ClCompile Include="Engine\Node\Node.cpp">
      <Filter>Engine\Object\ObjectModel\Node</Filter>
    </ClCompile>
    <ClCompile Include="Engine\Model\ObjectModel.cpp">
      <Filter>Engine\Object\ObjectModel</Filter>
    </ClCompile>
    <ClCompile Include="Engine\Joint\Joint.cpp">
      <Filter>Engine\Object\ObjectModel\Joint</Filter>
    </ClCompile>
    <ClCompile Include="Engine\Skeleton\Skeleton.cpp">
      <Filter>Engine\Object\ObjectModel\Skeleton</Filter>
    </ClCompile>
  </ItemGroup>
  <ItemGroup>
    <None Include="Resources\Shader\Object3d.hlsli">
      <Filter>リソース ファイル\Shader</Filter>
    </None>
    <None Include="Resources\Shader\Particle.hlsli">
      <Filter>リソース ファイル\Shader</Filter>
    </None>
    <None Include="Resources\Shader\Sprite.hlsli">
      <Filter>リソース ファイル\Shader</Filter>
    </None>
    <None Include="Resources\Shader\LineDrawer.hlsli">
      <Filter>リソース ファイル\Shader</Filter>
    </None>
  </ItemGroup>
  <ItemGroup>
    <FxCompile Include="Resources\Shader\Object3d.PS.hlsl">
      <Filter>リソース ファイル\Shader</Filter>
    </FxCompile>
    <FxCompile Include="Resources\Shader\Object3d.VS.hlsl">
      <Filter>リソース ファイル\Shader</Filter>
    </FxCompile>
    <FxCompile Include="Resources\Shader\Particle.PS.hlsl">
      <Filter>リソース ファイル\Shader</Filter>
    </FxCompile>
    <FxCompile Include="Resources\Shader\Particle.VS.hlsl">
      <Filter>リソース ファイル\Shader</Filter>
    </FxCompile>
    <FxCompile Include="Resources\Shader\Sprite.PS.hlsl">
      <Filter>リソース ファイル\Shader</Filter>
    </FxCompile>
    <FxCompile Include="Resources\Shader\Sprite.VS.hlsl">
      <Filter>リソース ファイル\Shader</Filter>
    </FxCompile>
    <FxCompile Include="Resources\Shader\LineDrawer.PS.hlsl">
      <Filter>リソース ファイル\Shader</Filter>
    </FxCompile>
    <FxCompile Include="Resources\Shader\LineDrawer.VS.hlsl">
      <Filter>リソース ファイル\Shader</Filter>
    </FxCompile>
  </ItemGroup>
  <ItemGroup>
    <ClInclude Include="Engine\Audio\Audio.h">
      <Filter>Engine\Audio</Filter>
    </ClInclude>
    <ClInclude Include="Engine\Camera\Camera.h">
      <Filter>Engine\Camera</Filter>
    </ClInclude>
    <ClInclude Include="Engine\DXWin\WinApp.h">
      <Filter>Engine\DXWin\WinApp</Filter>
    </ClInclude>
    <ClInclude Include="Engine\DXWin\D3DResourceLeakChecker.h">
      <Filter>Engine\DXWin\DXCommon</Filter>
    </ClInclude>
    <ClInclude Include="Engine\DXWin\DXCommon.h">
      <Filter>Engine\DXWin\DXCommon</Filter>
    </ClInclude>
    <ClInclude Include="Engine\Input\Input.h">
      <Filter>Engine\Input</Filter>
    </ClInclude>
    <ClInclude Include="Engine\Lib\Matrix3x3.h">
      <Filter>Engine\Lib\Matrix</Filter>
    </ClInclude>
    <ClInclude Include="Engine\Lib\Matrix4x4.h">
      <Filter>Engine\Lib\Matrix</Filter>
    </ClInclude>
    <ClInclude Include="Engine\Lib\MatrixFunction.h">
      <Filter>Engine\Lib\Matrix</Filter>
    </ClInclude>
    <ClInclude Include="Engine\Lib\Vector2.h">
      <Filter>Engine\Lib\Vector</Filter>
    </ClInclude>
    <ClInclude Include="Engine\Lib\Vector3.h">
      <Filter>Engine\Lib\Vector</Filter>
    </ClInclude>
    <ClInclude Include="Engine\Lib\Vector4.h">
      <Filter>Engine\Lib\Vector</Filter>
    </ClInclude>
    <ClInclude Include="Engine\Lib\VectorFunction.h">
      <Filter>Engine\Lib\Vector</Filter>
    </ClInclude>
    <ClInclude Include="Engine\Lights\SpotLight.h">
      <Filter>Engine\Object\ObjectModel\Light\Spot</Filter>
    </ClInclude>
    <ClInclude Include="Engine\Lights\PointLight.h">
      <Filter>Engine\Object\ObjectModel\Light\Point</Filter>
    </ClInclude>
    <ClInclude Include="Engine\Lights\DirectionalLight.h">
      <Filter>Engine\Object\ObjectModel\Light\Directional</Filter>
    </ClInclude>
    <ClInclude Include="Engine\Lights\LightGroup.h">
      <Filter>Engine\Object\ObjectModel\Light</Filter>
    </ClInclude>
    <ClInclude Include="Engine\Utility\LineDrawer.h">
      <Filter>Engine\LineDrawer</Filter>
    </ClInclude>
    <ClInclude Include="Engine\Utility\JsonLoader.h">
      <Filter>Engine\Utility</Filter>
    </ClInclude>
    <ClInclude Include="Engine\Utility\Debug.h">
      <Filter>Engine\Utility</Filter>
    </ClInclude>
    <ClInclude Include="Engine\Utility\ImGuiManager.h">
      <Filter>Engine\Utility</Filter>
    </ClInclude>
    <ClInclude Include="Engine\Utility\RandomGenerator.h">
      <Filter>Engine\Utility</Filter>
    </ClInclude>
    <ClInclude Include="Engine\Model\Material.h">
      <Filter>Engine\Object\ObjectModel\Material</Filter>
    </ClInclude>
    <ClInclude Include="Engine\Model\Mesh.h">
      <Filter>Engine\Object\ObjectModel\Mesh</Filter>
    </ClInclude>
    <ClInclude Include="Engine\Model\Model.h">
      <Filter>Engine\Object\ObjectModel\Model</Filter>
    </ClInclude>
    <ClInclude Include="Engine\Model\WorldTransform.h">
      <Filter>Engine\Object\ObjectModel\WorldTransform</Filter>
    </ClInclude>
    <ClInclude Include="Engine\Model\ModelManager.h">
      <Filter>Engine\Object\ObjectModel</Filter>
    </ClInclude>
    <ClInclude Include="Engine\ObjectColor\ObjectColor.h">
      <Filter>Engine\Object\ObjColor</Filter>
    </ClInclude>
    <ClInclude Include="Engine\Sprite\Sprite.h">
      <Filter>Engine\Object\ObjectSprite\Sprite</Filter>
    </ClInclude>
    <ClInclude Include="Engine\Sprite\SpriteManager.h">
      <Filter>Engine\Object\ObjectSprite</Filter>
    </ClInclude>
    <ClInclude Include="Engine\TextureManager\TextureManager.h">
      <Filter>Engine\TextureManager</Filter>
    </ClInclude>
    <ClInclude Include="Engine\Particle\Particle.h">
      <Filter>Engine\Particle</Filter>
    </ClInclude>
    <ClInclude Include="Engine\Particle\ParticleEmitters.h">
      <Filter>Engine\Particle</Filter>
    </ClInclude>
    <ClInclude Include="Engine\Particle\ParticleManager.h">
      <Filter>Engine\Particle</Filter>
    </ClInclude>
    <ClInclude Include="Engine\Render\PSOManager.h">
      <Filter>Engine\Render</Filter>
    </ClInclude>
    <ClInclude Include="Engine\Render\SRVManager.h">
      <Filter>Engine\Render</Filter>
    </ClInclude>
    <ClInclude Include="Engine\Scene\GameScene.h">
      <Filter>Engine\Scene</Filter>
    </ClInclude>
    <ClInclude Include="Engine\Scene\Scene.h">
      <Filter>Engine\Scene</Filter>
    </ClInclude>
    <ClInclude Include="Engine\Scene\SceneManager.h">
      <Filter>Engine\Scene</Filter>
    </ClInclude>
    <ClInclude Include="Engine\Other\CollisionManager.h">
      <Filter>Engine\Other</Filter>
    </ClInclude>
    <ClInclude Include="Engine\Other\CatmulRomSpline.h">
      <Filter>Engine\Other</Filter>
    </ClInclude>
    <ClInclude Include="Engine\Other\Collider.h">
      <Filter>Engine\Other</Filter>
    </ClInclude>
    <ClInclude Include="Engine\Utility\ConfigManager.h">
      <Filter>Engine\Utility</Filter>
    </ClInclude>
    <ClInclude Include="Engine\Lib\MyLib.h">
      <Filter>Engine\Lib</Filter>
    </ClInclude>
    <ClInclude Include="Engine\Lib\Quaternion.h">
      <Filter>Engine\Lib\Quaternion</Filter>
    </ClInclude>
    <ClInclude Include="Engine\Model\ModelAnimation.h">
      <Filter>Engine\Object\ObjectModel\Animation</Filter>
    </ClInclude>
    <ClInclude Include="Engine\Node\Node.h">
      <Filter>Engine\Object\ObjectModel\Node</Filter>
    </ClInclude>
    <ClInclude Include="Engine\Model\ObjectModel.h">
      <Filter>Engine\Object\ObjectModel</Filter>
    </ClInclude>
    <ClInclude Include="Engine\Lib\QuaternionTransform.h">
      <Filter>Engine\Lib</Filter>
    </ClInclude>
    <ClInclude Include="Engine\Joint\Joint.h">
      <Filter>Engine\Object\ObjectModel\Joint</Filter>
    </ClInclude>
    <ClInclude Include="Engine\Skeleton\Skeleton.h">
      <Filter>Engine\Object\ObjectModel\Skeleton</Filter>
    </ClInclude>
  </ItemGroup>
</Project>